{
  "name": "ppg-testcase",
  "version": "1.0.0",
  "lockfileVersion": 3,
  "requires": true,
  "packages": {
    "": {
      "name": "ppg-testcase",
      "version": "1.0.0",
      "license": "ISC",
      "dependencies": {
        "@depfutest/ppg-one": "^1.0.0",
        "@depfutest/ppg-two": "^1.0.0"
      }
    },
    "node_modules/@depfutest/ppg-one": {
      "version": "1.0.0",
      "resolved": "https://npm.pkg.github.com/download/@depfutest/ppg-one/1.0.0/707f14e8e3d5e0437b59b93b4e0d1f0fcde54e1d",
      "integrity": "sha512-54BTAn2kAzPKYGIw6iRVkuz4plkFhriNaXZjIQ/hHgia4VwsDjTAWRiZJxTlGXxmBp7JiSbYy2BCc8qbBIzrzw==",
      "license": "ISC"
    },
    "node_modules/@depfutest/ppg-two": {
      "version": "1.0.0",
      "resolved": "https://npm.pkg.github.com/download/@depfutest/ppg-two/1.0.0/683cedd800736bc036bc58d21f7e3a3823851db0",
      "integrity": "sha512-NZU1zwp5/TD+aQ/+OnUNR+fz7aaJd9fy+UhigisbN3a209MHlTxnO/a/YFXzzN1KzXSSZ5wmgMDHMo4Fsbm42A==",
      "license": "ISC"
    }
  }
}
