{
  "name": "ppg-testcase",
  "version": "1.0.0",
  "lockfileVersion": 3,
  "requires": true,
  "packages": {
    "": {
      "name": "ppg-testcase",
      "version": "1.0.0",
      "license": "ISC",
      "dependencies": {
        "@depfutest/ppg-one": "^1.0.1",
        "@depfutest/ppg-two": "^1.0.1"
      }
    },
    "node_modules/@depfutest/ppg-one": {
      "version": "1.0.1",
      "resolved": "https://npm.pkg.github.com/download/@depfutest/ppg-one/1.0.1/2875a998728b4465cffcdaed130d6fe2e7782978",
      "integrity": "sha512-KWuO1vlw4UUqtJ4R+/6cuktaCiWYv24giI9OzjjjuJQH/f72YDRyP76pPoVzOKPCUQ5Tci9PN8NeflJUHabb7Q==",
      "license": "ISC"
    },
    "node_modules/@depfutest/ppg-two": {
      "version": "1.0.1",
      "resolved": "https://npm.pkg.github.com/download/@depfutest/ppg-two/1.0.1/3cf1874231419dfde45e46459963649f16d32a9c",
      "integrity": "sha512-y6YuEETBPt7I9l17WTNyOyQnXg+aqLHvAahYzLLfFPmwabEPSN4Yp6BMXIkNFEJcFbpYTFlfStTlUsfJd9khVQ==",
      "license": "ISC"
    }
  }
}
